
Microsoft Visual Studio Solution File, Format Version 11.00
# Visual Studio 2010
Project("{FAE04EC0-301F-11D3-BF4B-00C04F79EFBC}") = "Assembly-CSharp", "Assembly-CSharp.csproj", "{b5766acb-f54d-9da3-77a4-549141bbd177}"
EndProject
Project("{FAE04EC0-301F-11D3-BF4B-00C04F79EFBC}") = "Assembly-CSharp-Editor", "Assembly-CSharp-Editor.csproj", "{3c3758fb-bde0-1543-dcf4-868b969673e8}"
EndProject
Global
	GlobalSection(SolutionConfigurationPlatforms) = preSolution
		Debug|Any CPU = Debug|Any CPU
	EndGlobalSection
	GlobalSection(ProjectConfigurationPlatforms) = postSolution
		{b5766acb-f54d-9da3-77a4-549141bbd177}.Debug|Any CPU.ActiveCfg = Debug|Any CPU
		{b5766acb-f54d-9da3-77a4-549141bbd177}.Debug|Any CPU.Build.0 = Debug|Any CPU
		{3c3758fb-bde0-1543-dcf4-868b969673e8}.Debug|Any CPU.ActiveCfg = Debug|Any CPU
		{3c3758fb-bde0-1543-dcf4-868b969673e8}.Debug|Any CPU.Build.0 = Debug|Any CPU
	EndGlobalSection
	GlobalSection(SolutionProperties) = preSolution
		HideSolutionNode = FALSE
	EndGlobalSection
EndGlobal
